{
  "requires": true,
  "lockfileVersion": 1,
  "dependencies": {
    "@adyen/adyen-web": {
      "version": "3.19.0",
      "resolved": "https://registry.npmjs.org/@adyen/adyen-web/-/adyen-web-3.19.0.tgz",
      "integrity": "sha512-X/Nh55t39gMULPfMaOtjSm36v4He1R8xw82EEMXFduc3j4V2S/cMLORMljMGWjqP3izaSrZz31viB0FDA3SQmg==",
      "requires": {
        "@types/applepayjs": "^3.0.1",
        "@types/googlepay": "^0.5.1",
        "classnames": "^2.2.6",
        "preact": "^10.5.7"
      }
    },
    "@types/applepayjs": {
      "version": "3.0.1",
      "resolved": "https://registry.npmjs.org/@types/applepayjs/-/applepayjs-3.0.1.tgz",
      "integrity": "sha512-zcwMSbo75E7VYi0jAo6rNpl+l4AXL98PCQRJEbUtChcSEiqfX+KFLz5eqaACI8fFx9lF4EjUv0W9XxAZXuMCNg=="
    },
    "@types/googlepay": {
      "version": "0.5.1",
      "resolved": "https://registry.npmjs.org/@types/googlepay/-/googlepay-0.5.1.tgz",
      "integrity": "sha512-6ONa1lKylL4WQr1t+rdV+QI825ugj/VPWDswq7HkPGsgaORbib++NKOPPdTZcP3AYrI8L/3XwUUCe89yKZ1Wow=="
    },
    "classnames": {
      "version": "2.2.6",
      "resolved": "https://registry.npmjs.org/classnames/-/classnames-2.2.6.tgz",
      "integrity": "sha512-JR/iSQOSt+LQIWwrwEzJ9uk0xfN3mTVYMwt1Ir5mUcSN6pU+V4zQFFaJsclJbPuAUQH+yfWef6tm7l1quW3C8Q=="
    },
    "preact": {
      "version": "10.5.7",
      "resolved": "https://registry.npmjs.org/preact/-/preact-10.5.7.tgz",
      "integrity": "sha512-4oEpz75t/0UNcwmcsjk+BIcDdk68oao+7kxcpc1hQPNs2Oo3ZL9xFz8UBf350mxk/VEdD41L5b4l2dE3Ug3RYg=="
    }
  }
}
